
Microsoft Visual Studio Solution File, Format Version 12.00
# Visual Studio Version 16
VisualStudioVersion = 16.0.31205.134
MinimumVisualStudioVersion = 10.0.40219.1
Project("{FAE04EC0-301F-11D3-BF4B-00C04F79EFBC}") = "tamrin1s", "tamrin1s\tamrin1s.csproj", "{B70840E5-84E5-4D51-AB5F-1410CA1DFBCD}"
EndProject
Global
	GlobalSection(SolutionConfigurationPlatforms) = preSolution
		Debug|Any CPU = Debug|Any CPU
		Release|Any CPU = Release|Any CPU
	EndGlobalSection
	GlobalSection(ProjectConfigurationPlatforms) = postSolution
		{B70840E5-84E5-4D51-AB5F-1410CA1DFBCD}.Debug|Any CPU.ActiveCfg = Debug|Any CPU
		{B70840E5-84E5-4D51-AB5F-1410CA1DFBCD}.Debug|Any CPU.Build.0 = Debug|Any CPU
		{B70840E5-84E5-4D51-AB5F-1410CA1DFBCD}.Release|Any CPU.ActiveCfg = Release|Any CPU
		{B70840E5-84E5-4D51-AB5F-1410CA1DFBCD}.Release|Any CPU.Build.0 = Release|Any CPU
	EndGlobalSection
	GlobalSection(SolutionProperties) = preSolution
		HideSolutionNode = FALSE
	EndGlobalSection
	GlobalSection(ExtensibilityGlobals) = postSolution
		SolutionGuid = {D7D6709A-F4E3-4C16-8BA7-12C3E407099D}
	EndGlobalSection
EndGlobal
